
Microsoft Visual Studio Solution File, Format Version 12.00
# Visual Studio 15
VisualStudioVersion = 15.0.27703.2035
MinimumVisualStudioVersion = 10.0.40219.1
Project("{FAE04EC0-301F-11D3-BF4B-00C04F79EFBC}") = "XamaFilm.Android", "XamaFilm\XamaFilm.Android\XamaFilm.Android.csproj", "{B2650085-D2C5-4DE1-A377-B66E3E61351A}"
EndProject
Project("{FAE04EC0-301F-11D3-BF4B-00C04F79EFBC}") = "XamaFilm.iOS", "XamaFilm\XamaFilm.iOS\XamaFilm.iOS.csproj", "{DDA86CD8-F34A-4A50-ADE7-241060B78E2B}"
EndProject
Project("{FAE04EC0-301F-11D3-BF4B-00C04F79EFBC}") = "XamaFilm.UWP", "XamaFilm\XamaFilm.UWP\XamaFilm.UWP.csproj", "{66F4690B-AACB-4FF8-A541-92CE2B2B95B8}"
EndProject
Project("{FAE04EC0-301F-11D3-BF4B-00C04F79EFBC}") = "XamaFilm", "XamaFilm\XamaFilm\XamaFilm.csproj", "{90A6C3DC-B9BE-4512-88FE-395653A02A95}"
EndProject
Global
	GlobalSection(SolutionConfigurationPlatforms) = preSolution
		Ad-Hoc|Any CPU = Ad-Hoc|Any CPU
		Ad-Hoc|ARM = Ad-Hoc|ARM
		Ad-Hoc|iPhone = Ad-Hoc|iPhone
		Ad-Hoc|iPhoneSimulator = Ad-Hoc|iPhoneSimulator
		Ad-Hoc|x64 = Ad-Hoc|x64
		Ad-Hoc|x86 = Ad-Hoc|x86
		AppStore|Any CPU = AppStore|Any CPU
		AppStore|ARM = AppStore|ARM
		AppStore|iPhone = AppStore|iPhone
		AppStore|iPhoneSimulator = AppStore|iPhoneSimulator
		AppStore|x64 = AppStore|x64
		AppStore|x86 = AppStore|x86
		Debug|Any CPU = Debug|Any CPU
		Debug|ARM = Debug|ARM
		Debug|iPhone = Debug|iPhone
		Debug|iPhoneSimulator = Debug|iPhoneSimulator
		Debug|x64 = Debug|x64
		Debug|x86 = Debug|x86
		Release|Any CPU = Release|Any CPU
		Release|ARM = Release|ARM
		Release|iPhone = Release|iPhone
		Release|iPhoneSimulator = Release|iPhoneSimulator
		Release|x64 = Release|x64
		Release|x86 = Release|x86
	EndGlobalSection
	GlobalSection(ProjectConfigurationPlatforms) = postSolution
		{B2650085-D2C5-4DE1-A377-B66E3E61351A}.Ad-Hoc|Any CPU.ActiveCfg = Release|Any CPU
		{B2650085-D2C5-4DE1-A377-B66E3E61351A}.Ad-Hoc|Any CPU.Build.0 = Release|Any CPU
		{B2650085-D2C5-4DE1-A377-B66E3E61351A}.Ad-Hoc|Any CPU.Deploy.0 = Release|Any CPU
		{B2650085-D2C5-4DE1-A377-B66E3E61351A}.Ad-Hoc|ARM.ActiveCfg = Release|Any CPU
		{B2650085-D2C5-4DE1-A377-B66E3E61351A}.Ad-Hoc|ARM.Build.0 = Release|Any CPU
		{B2650085-D2C5-4DE1-A377-B66E3E61351A}.Ad-Hoc|ARM.Deploy.0 = Release|Any CPU
		{B2650085-D2C5-4DE1-A377-B66E3E61351A}.Ad-Hoc|iPhone.ActiveCfg = Release|Any CPU
		{B2650085-D2C5-4DE1-A377-B66E3E61351A}.Ad-Hoc|iPhone.Build.0 = Release|Any CPU
		{B2650085-D2C5-4DE1-A377-B66E3E61351A}.Ad-Hoc|iPhone.Deploy.0 = Release|Any CPU
		{B2650085-D2C5-4DE1-A377-B66E3E61351A}.Ad-Hoc|iPhoneSimulator.ActiveCfg = Release|Any CPU
		{B2650085-D2C5-4DE1-A377-B66E3E61351A}.Ad-Hoc|iPhoneSimulator.Build.0 = Release|Any CPU
		{B2650085-D2C5-4DE1-A377-B66E3E61351A}.Ad-Hoc|iPhoneSimulator.Deploy.0 = Release|Any CPU
		{B2650085-D2C5-4DE1-A377-B66E3E61351A}.Ad-Hoc|x64.ActiveCfg = Release|Any CPU
		{B2650085-D2C5-4DE1-A377-B66E3E61351A}.Ad-Hoc|x64.Build.0 = Release|Any CPU
		{B2650085-D2C5-4DE1-A377-B66E3E61351A}.Ad-Hoc|x64.Deploy.0 = Release|Any CPU
		{B2650085-D2C5-4DE1-A377-B66E3E61351A}.Ad-Hoc|x86.ActiveCfg = Release|Any CPU
		{B2650085-D2C5-4DE1-A377-B66E3E61351A}.Ad-Hoc|x86.Build.0 = Release|Any CPU
		{B2650085-D2C5-4DE1-A377-B66E3E61351A}.Ad-Hoc|x86.Deploy.0 = Release|Any CPU
		{B2650085-D2C5-4DE1-A377-B66E3E61351A}.AppStore|Any CPU.ActiveCfg = Release|Any CPU
		{B2650085-D2C5-4DE1-A377-B66E3E61351A}.AppStore|Any CPU.Build.0 = Release|Any CPU
		{B2650085-D2C5-4DE1-A377-B66E3E61351A}.AppStore|Any CPU.Deploy.0 = Release|Any CPU
		{B2650085-D2C5-4DE1-A377-B66E3E61351A}.AppStore|ARM.ActiveCfg = Release|Any CPU
		{B2650085-D2C5-4DE1-A377-B66E3E61351A}.AppStore|ARM.Build.0 = Release|Any CPU
		{B2650085-D2C5-4DE1-A377-B66E3E61351A}.AppStore|ARM.Deploy.0 = Release|Any CPU
		{B2650085-D2C5-4DE1-A377-B66E3E61351A}.AppStore|iPhone.ActiveCfg = Release|Any CPU
		{B2650085-D2C5-4DE1-A377-B66E3E61351A}.AppStore|iPhone.Build.0 = Release|Any CPU
		{B2650085-D2C5-4DE1-A377-B66E3E61351A}.AppStore|iPhone.Deploy.0 = Release|Any CPU
		{B2650085-D2C5-4DE1-A377-B66E3E61351A}.AppStore|iPhoneSimulator.ActiveCfg = Release|Any CPU
		{B2650085-D2C5-4DE1-A377-B66E3E61351A}.AppStore|iPhoneSimulator.Build.0 = Release|Any CPU
		{B2650085-D2C5-4DE1-A377-B66E3E61351A}.AppStore|iPhoneSimulator.Deploy.0 = Release|Any CPU
		{B2650085-D2C5-4DE1-A377-B66E3E61351A}.AppStore|x64.ActiveCfg = Release|Any CPU
		{B2650085-D2C5-4DE1-A377-B66E3E61351A}.AppStore|x64.Build.0 = Release|Any CPU
		{B2650085-D2C5-4DE1-A377-B66E3E61351A}.AppStore|x64.Deploy.0 = Release|Any CPU
		{B2650085-D2C5-4DE1-A377-B66E3E61351A}.AppStore|x86.ActiveCfg = Release|Any CPU
		{B2650085-D2C5-4DE1-A377-B66E3E61351A}.AppStore|x86.Build.0 = Release|Any CPU
		{B2650085-D2C5-4DE1-A377-B66E3E61351A}.AppStore|x86.Deploy.0 = Release|Any CPU
		{B2650085-D2C5-4DE1-A377-B66E3E61351A}.Debug|Any CPU.ActiveCfg = Debug|Any CPU
		{B2650085-D2C5-4DE1-A377-B66E3E61351A}.Debug|Any CPU.Build.0 = Debug|Any CPU
		{B2650085-D2C5-4DE1-A377-B66E3E61351A}.Debug|Any CPU.Deploy.0 = Debug|Any CPU
		{B2650085-D2C5-4DE1-A377-B66E3E61351A}.Debug|ARM.ActiveCfg = Debug|Any CPU
		{B2650085-D2C5-4DE1-A377-B66E3E61351A}.Debug|ARM.Build.0 = Debug|Any CPU
		{B2650085-D2C5-4DE1-A377-B66E3E61351A}.Debug|ARM.Deploy.0 = Debug|Any CPU
		{B2650085-D2C5-4DE1-A377-B66E3E61351A}.Debug|iPhone.ActiveCfg = Debug|Any CPU
		{B2650085-D2C5-4DE1-A377-B66E3E61351A}.Debug|iPhone.Build.0 = Debug|Any CPU
		{B2650085-D2C5-4DE1-A377-B66E3E61351A}.Debug|iPhone.Deploy.0 = Debug|Any CPU
		{B2650085-D2C5-4DE1-A377-B66E3E61351A}.Debug|iPhoneSimulator.ActiveCfg = Debug|Any CPU
		{B2650085-D2C5-4DE1-A377-B66E3E61351A}.Debug|iPhoneSimulator.Build.0 = Debug|Any CPU
		{B2650085-D2C5-4DE1-A377-B66E3E61351A}.Debug|iPhoneSimulator.Deploy.0 = Debug|Any CPU
		{B2650085-D2C5-4DE1-A377-B66E3E61351A}.Debug|x64.ActiveCfg = Debug|Any CPU
		{B2650085-D2C5-4DE1-A377-B66E3E61351A}.Debug|x64.Build.0 = Debug|Any CPU
		{B2650085-D2C5-4DE1-A377-B66E3E61351A}.Debug|x64.Deploy.0 = Debug|Any CPU
		{B2650085-D2C5-4DE1-A377-B66E3E61351A}.Debug|x86.ActiveCfg = Debug|Any CPU
		{B2650085-D2C5-4DE1-A377-B66E3E61351A}.Debug|x86.Build.0 = Debug|Any CPU
		{B2650085-D2C5-4DE1-A377-B66E3E61351A}.Debug|x86.Deploy.0 = Debug|Any CPU
		{B2650085-D2C5-4DE1-A377-B66E3E61351A}.Release|Any CPU.ActiveCfg = Release|Any CPU
		{B2650085-D2C5-4DE1-A377-B66E3E61351A}.Release|Any CPU.Build.0 = Release|Any CPU
		{B2650085-D2C5-4DE1-A377-B66E3E61351A}.Release|Any CPU.Deploy.0 = Release|Any CPU
		{B2650085-D2C5-4DE1-A377-B66E3E61351A}.Release|ARM.ActiveCfg = Release|Any CPU
		{B2650085-D2C5-4DE1-A377-B66E3E61351A}.Release|ARM.Build.0 = Release|Any CPU
		{B2650085-D2C5-4DE1-A377-B66E3E61351A}.Release|ARM.Deploy.0 = Release|Any CPU
		{B2650085-D2C5-4DE1-A377-B66E3E61351A}.Release|iPhone.ActiveCfg = Release|Any CPU
		{B2650085-D2C5-4DE1-A377-B66E3E61351A}.Release|iPhone.Build.0 = Release|Any CPU
		{B2650085-D2C5-4DE1-A377-B66E3E61351A}.Release|iPhone.Deploy.0 = Release|Any CPU
		{B2650085-D2C5-4DE1-A377-B66E3E61351A}.Release|iPhoneSimulator.ActiveCfg = Release|Any CPU
		{B2650085-D2C5-4DE1-A377-B66E3E61351A}.Release|iPhoneSimulator.Build.0 = Release|Any CPU
		{B2650085-D2C5-4DE1-A377-B66E3E61351A}.Release|iPhoneSimulator.Deploy.0 = Release|Any CPU
		{B2650085-D2C5-4DE1-A377-B66E3E61351A}.Release|x64.ActiveCfg = Release|Any CPU
		{B2650085-D2C5-4DE1-A377-B66E3E61351A}.Release|x64.Build.0 = Release|Any CPU
		{B2650085-D2C5-4DE1-A377-B66E3E61351A}.Release|x64.Deploy.0 = Release|Any CPU
		{B2650085-D2C5-4DE1-A377-B66E3E61351A}.Release|x86.ActiveCfg = Release|Any CPU
		{B2650085-D2C5-4DE1-A377-B66E3E61351A}.Release|x86.Build.0 = Release|Any CPU
		{B2650085-D2C5-4DE1-A377-B66E3E61351A}.Release|x86.Deploy.0 = Release|Any CPU
		{DDA86CD8-F34A-4A50-ADE7-241060B78E2B}.Ad-Hoc|Any CPU.ActiveCfg = Ad-Hoc|iPhone
		{DDA86CD8-F34A-4A50-ADE7-241060B78E2B}.Ad-Hoc|Any CPU.Build.0 = Ad-Hoc|iPhone
		{DDA86CD8-F34A-4A50-ADE7-241060B78E2B}.Ad-Hoc|Any CPU.Deploy.0 = Ad-Hoc|iPhone
		{DDA86CD8-F34A-4A50-ADE7-241060B78E2B}.Ad-Hoc|ARM.ActiveCfg = Ad-Hoc|iPhone
		{DDA86CD8-F34A-4A50-ADE7-241060B78E2B}.Ad-Hoc|ARM.Build.0 = Ad-Hoc|iPhone
		{DDA86CD8-F34A-4A50-ADE7-241060B78E2B}.Ad-Hoc|ARM.Deploy.0 = Ad-Hoc|iPhone
		{DDA86CD8-F34A-4A50-ADE7-241060B78E2B}.Ad-Hoc|iPhone.ActiveCfg = Ad-Hoc|iPhone
		{DDA86CD8-F34A-4A50-ADE7-241060B78E2B}.Ad-Hoc|iPhone.Build.0 = Ad-Hoc|iPhone
		{DDA86CD8-F34A-4A50-ADE7-241060B78E2B}.Ad-Hoc|iPhone.Deploy.0 = Ad-Hoc|iPhone
		{DDA86CD8-F34A-4A50-ADE7-241060B78E2B}.Ad-Hoc|iPhoneSimulator.ActiveCfg = Ad-Hoc|iPhoneSimulator
		{DDA86CD8-F34A-4A50-ADE7-241060B78E2B}.Ad-Hoc|iPhoneSimulator.Build.0 = Ad-Hoc|iPhoneSimulator
		{DDA86CD8-F34A-4A50-ADE7-241060B78E2B}.Ad-Hoc|iPhoneSimulator.Deploy.0 = Ad-Hoc|iPhoneSimulator
		{DDA86CD8-F34A-4A50-ADE7-241060B78E2B}.Ad-Hoc|x64.ActiveCfg = Ad-Hoc|iPhone
		{DDA86CD8-F34A-4A50-ADE7-241060B78E2B}.Ad-Hoc|x64.Build.0 = Ad-Hoc|iPhone
		{DDA86CD8-F34A-4A50-ADE7-241060B78E2B}.Ad-Hoc|x64.Deploy.0 = Ad-Hoc|iPhone
		{DDA86CD8-F34A-4A50-ADE7-241060B78E2B}.Ad-Hoc|x86.ActiveCfg = Ad-Hoc|iPhone
		{DDA86CD8-F34A-4A50-ADE7-241060B78E2B}.Ad-Hoc|x86.Build.0 = Ad-Hoc|iPhone
		{DDA86CD8-F34A-4A50-ADE7-241060B78E2B}.Ad-Hoc|x86.Deploy.0 = Ad-Hoc|iPhone
		{DDA86CD8-F34A-4A50-ADE7-241060B78E2B}.AppStore|Any CPU.ActiveCfg = AppStore|iPhone
		{DDA86CD8-F34A-4A50-ADE7-241060B78E2B}.AppStore|Any CPU.Build.0 = AppStore|iPhone
		{DDA86CD8-F34A-4A50-ADE7-241060B78E2B}.AppStore|Any CPU.Deploy.0 = AppStore|iPhone
		{DDA86CD8-F34A-4A50-ADE7-241060B78E2B}.AppStore|ARM.ActiveCfg = AppStore|iPhone
		{DDA86CD8-F34A-4A50-ADE7-241060B78E2B}.AppStore|ARM.Build.0 = AppStore|iPhone
		{DDA86CD8-F34A-4A50-ADE7-241060B78E2B}.AppStore|ARM.Deploy.0 = AppStore|iPhone
		{DDA86CD8-F34A-4A50-ADE7-241060B78E2B}.AppStore|iPhone.ActiveCfg = AppStore|iPhone
		{DDA86CD8-F34A-4A50-ADE7-241060B78E2B}.AppStore|iPhone.Build.0 = AppStore|iPhone
		{DDA86CD8-F34A-4A50-ADE7-241060B78E2B}.AppStore|iPhone.Deploy.0 = AppStore|iPhone
		{DDA86CD8-F34A-4A50-ADE7-241060B78E2B}.AppStore|iPhoneSimulator.ActiveCfg = AppStore|iPhoneSimulator
		{DDA86CD8-F34A-4A50-ADE7-241060B78E2B}.AppStore|iPhoneSimulator.Build.0 = AppStore|iPhoneSimulator
		{DDA86CD8-F34A-4A50-ADE7-241060B78E2B}.AppStore|iPhoneSimulator.Deploy.0 = AppStore|iPhoneSimulator
		{DDA86CD8-F34A-4A50-ADE7-241060B78E2B}.AppStore|x64.ActiveCfg = AppStore|iPhone
		{DDA86CD8-F34A-4A50-ADE7-241060B78E2B}.AppStore|x64.Build.0 = AppStore|iPhone
		{DDA86CD8-F34A-4A50-ADE7-241060B78E2B}.AppStore|x64.Deploy.0 = AppStore|iPhone
		{DDA86CD8-F34A-4A50-ADE7-241060B78E2B}.AppStore|x86.ActiveCfg = AppStore|iPhone
		{DDA86CD8-F34A-4A50-ADE7-241060B78E2B}.AppStore|x86.Build.0 = AppStore|iPhone
		{DDA86CD8-F34A-4A50-ADE7-241060B78E2B}.AppStore|x86.Deploy.0 = AppStore|iPhone
		{DDA86CD8-F34A-4A50-ADE7-241060B78E2B}.Debug|Any CPU.ActiveCfg = Debug|iPhoneSimulator
		{DDA86CD8-F34A-4A50-ADE7-241060B78E2B}.Debug|Any CPU.Build.0 = Debug|iPhoneSimulator
		{DDA86CD8-F34A-4A50-ADE7-241060B78E2B}.Debug|Any CPU.Deploy.0 = Debug|iPhoneSimulator
		{DDA86CD8-F34A-4A50-ADE7-241060B78E2B}.Debug|ARM.ActiveCfg = Debug|iPhone
		{DDA86CD8-F34A-4A50-ADE7-241060B78E2B}.Debug|ARM.Build.0 = Debug|iPhone
		{DDA86CD8-F34A-4A50-ADE7-241060B78E2B}.Debug|ARM.Deploy.0 = Debug|iPhone
		{DDA86CD8-F34A-4A50-ADE7-241060B78E2B}.Debug|iPhone.ActiveCfg = Debug|iPhone
		{DDA86CD8-F34A-4A50-ADE7-241060B78E2B}.Debug|iPhone.Build.0 = Debug|iPhone
		{DDA86CD8-F34A-4A50-ADE7-241060B78E2B}.Debug|iPhone.Deploy.0 = Debug|iPhone
		{DDA86CD8-F34A-4A50-ADE7-241060B78E2B}.Debug|iPhoneSimulator.ActiveCfg = Debug|iPhoneSimulator
		{DDA86CD8-F34A-4A50-ADE7-241060B78E2B}.Debug|iPhoneSimulator.Build.0 = Debug|iPhoneSimulator
		{DDA86CD8-F34A-4A50-ADE7-241060B78E2B}.Debug|iPhoneSimulator.Deploy.0 = Debug|iPhoneSimulator
		{DDA86CD8-F34A-4A50-ADE7-241060B78E2B}.Debug|x64.ActiveCfg = Debug|iPhone
		{DDA86CD8-F34A-4A50-ADE7-241060B78E2B}.Debug|x64.Build.0 = Debug|iPhone
		{DDA86CD8-F34A-4A50-ADE7-241060B78E2B}.Debug|x64.Deploy.0 = Debug|iPhone
		{DDA86CD8-F34A-4A50-ADE7-241060B78E2B}.Debug|x86.ActiveCfg = Debug|iPhone
		{DDA86CD8-F34A-4A50-ADE7-241060B78E2B}.Debug|x86.Build.0 = Debug|iPhone
		{DDA86CD8-F34A-4A50-ADE7-241060B78E2B}.Debug|x86.Deploy.0 = Debug|iPhone
		{DDA86CD8-F34A-4A50-ADE7-241060B78E2B}.Release|Any CPU.ActiveCfg = Release|iPhone
		{DDA86CD8-F34A-4A50-ADE7-241060B78E2B}.Release|Any CPU.Build.0 = Release|iPhone
		{DDA86CD8-F34A-4A50-ADE7-241060B78E2B}.Release|Any CPU.Deploy.0 = Release|iPhone
		{DDA86CD8-F34A-4A50-ADE7-241060B78E2B}.Release|ARM.ActiveCfg = Release|iPhone
		{DDA86CD8-F34A-4A50-ADE7-241060B78E2B}.Release|ARM.Build.0 = Release|iPhone
		{DDA86CD8-F34A-4A50-ADE7-241060B78E2B}.Release|ARM.Deploy.0 = Release|iPhone
		{DDA86CD8-F34A-4A50-ADE7-241060B78E2B}.Release|iPhone.ActiveCfg = Release|iPhone
		{DDA86CD8-F34A-4A50-ADE7-241060B78E2B}.Release|iPhone.Build.0 = Release|iPhone
		{DDA86CD8-F34A-4A50-ADE7-241060B78E2B}.Release|iPhone.Deploy.0 = Release|iPhone
		{DDA86CD8-F34A-4A50-ADE7-241060B78E2B}.Release|iPhoneSimulator.ActiveCfg = Release|iPhoneSimulator
		{DDA86CD8-F34A-4A50-ADE7-241060B78E2B}.Release|iPhoneSimulator.Build.0 = Release|iPhoneSimulator
		{DDA86CD8-F34A-4A50-ADE7-241060B78E2B}.Release|iPhoneSimulator.Deploy.0 = Release|iPhoneSimulator
		{DDA86CD8-F34A-4A50-ADE7-241060B78E2B}.Release|x64.ActiveCfg = Release|iPhone
		{DDA86CD8-F34A-4A50-ADE7-241060B78E2B}.Release|x64.Build.0 = Release|iPhone
		{DDA86CD8-F34A-4A50-ADE7-241060B78E2B}.Release|x64.Deploy.0 = Release|iPhone
		{DDA86CD8-F34A-4A50-ADE7-241060B78E2B}.Release|x86.ActiveCfg = Release|iPhone
		{DDA86CD8-F34A-4A50-ADE7-241060B78E2B}.Release|x86.Build.0 = Release|iPhone
		{DDA86CD8-F34A-4A50-ADE7-241060B78E2B}.Release|x86.Deploy.0 = Release|iPhone
		{66F4690B-AACB-4FF8-A541-92CE2B2B95B8}.Ad-Hoc|Any CPU.ActiveCfg = Release|x86
		{66F4690B-AACB-4FF8-A541-92CE2B2B95B8}.Ad-Hoc|Any CPU.Build.0 = Release|x86
		{66F4690B-AACB-4FF8-A541-92CE2B2B95B8}.Ad-Hoc|Any CPU.Deploy.0 = Release|x86
		{66F4690B-AACB-4FF8-A541-92CE2B2B95B8}.Ad-Hoc|ARM.ActiveCfg = Release|ARM
		{66F4690B-AACB-4FF8-A541-92CE2B2B95B8}.Ad-Hoc|ARM.Build.0 = Release|ARM
		{66F4690B-AACB-4FF8-A541-92CE2B2B95B8}.Ad-Hoc|ARM.Deploy.0 = Release|ARM
		{66F4690B-AACB-4FF8-A541-92CE2B2B95B8}.Ad-Hoc|iPhone.ActiveCfg = Release|x86
		{66F4690B-AACB-4FF8-A541-92CE2B2B95B8}.Ad-Hoc|iPhone.Build.0 = Release|x86
		{66F4690B-AACB-4FF8-A541-92CE2B2B95B8}.Ad-Hoc|iPhone.Deploy.0 = Release|x86
		{66F4690B-AACB-4FF8-A541-92CE2B2B95B8}.Ad-Hoc|iPhoneSimulator.ActiveCfg = Release|x86
		{66F4690B-AACB-4FF8-A541-92CE2B2B95B8}.Ad-Hoc|iPhoneSimulator.Build.0 = Release|x86
		{66F4690B-AACB-4FF8-A541-92CE2B2B95B8}.Ad-Hoc|iPhoneSimulator.Deploy.0 = Release|x86
		{66F4690B-AACB-4FF8-A541-92CE2B2B95B8}.Ad-Hoc|x64.ActiveCfg = Release|x64
		{66F4690B-AACB-4FF8-A541-92CE2B2B95B8}.Ad-Hoc|x64.Build.0 = Release|x64
		{66F4690B-AACB-4FF8-A541-92CE2B2B95B8}.Ad-Hoc|x64.Deploy.0 = Release|x64
		{66F4690B-AACB-4FF8-A541-92CE2B2B95B8}.Ad-Hoc|x86.ActiveCfg = Release|x86
		{66F4690B-AACB-4FF8-A541-92CE2B2B95B8}.Ad-Hoc|x86.Build.0 = Release|x86
		{66F4690B-AACB-4FF8-A541-92CE2B2B95B8}.Ad-Hoc|x86.Deploy.0 = Release|x86
		{66F4690B-AACB-4FF8-A541-92CE2B2B95B8}.AppStore|Any CPU.ActiveCfg = Release|x86
		{66F4690B-AACB-4FF8-A541-92CE2B2B95B8}.AppStore|Any CPU.Build.0 = Release|x86
		{66F4690B-AACB-4FF8-A541-92CE2B2B95B8}.AppStore|Any CPU.Deploy.0 = Release|x86
		{66F4690B-AACB-4FF8-A541-92CE2B2B95B8}.AppStore|ARM.ActiveCfg = Release|ARM
		{66F4690B-AACB-4FF8-A541-92CE2B2B95B8}.AppStore|ARM.Build.0 = Release|ARM
		{66F4690B-AACB-4FF8-A541-92CE2B2B95B8}.AppStore|ARM.Deploy.0 = Release|ARM
		{66F4690B-AACB-4FF8-A541-92CE2B2B95B8}.AppStore|iPhone.ActiveCfg = Release|x86
		{66F4690B-AACB-4FF8-A541-92CE2B2B95B8}.AppStore|iPhone.Build.0 = Release|x86
		{66F4690B-AACB-4FF8-A541-92CE2B2B95B8}.AppStore|iPhone.Deploy.0 = Release|x86
		{66F4690B-AACB-4FF8-A541-92CE2B2B95B8}.AppStore|iPhoneSimulator.ActiveCfg = Release|x86
		{66F4690B-AACB-4FF8-A541-92CE2B2B95B8}.AppStore|iPhoneSimulator.Build.0 = Release|x86
		{66F4690B-AACB-4FF8-A541-92CE2B2B95B8}.AppStore|iPhoneSimulator.Deploy.0 = Release|x86
		{66F4690B-AACB-4FF8-A541-92CE2B2B95B8}.AppStore|x64.ActiveCfg = Release|x64
		{66F4690B-AACB-4FF8-A541-92CE2B2B95B8}.AppStore|x64.Build.0 = Release|x64
		{66F4690B-AACB-4FF8-A541-92CE2B2B95B8}.AppStore|x64.Deploy.0 = Release|x64
		{66F4690B-AACB-4FF8-A541-92CE2B2B95B8}.AppStore|x86.ActiveCfg = Release|x86
		{66F4690B-AACB-4FF8-A541-92CE2B2B95B8}.AppStore|x86.Build.0 = Release|x86
		{66F4690B-AACB-4FF8-A541-92CE2B2B95B8}.AppStore|x86.Deploy.0 = Release|x86
		{66F4690B-AACB-4FF8-A541-92CE2B2B95B8}.Debug|Any CPU.ActiveCfg = Debug|x86
		{66F4690B-AACB-4FF8-A541-92CE2B2B95B8}.Debug|Any CPU.Build.0 = Debug|x86
		{66F4690B-AACB-4FF8-A541-92CE2B2B95B8}.Debug|Any CPU.Deploy.0 = Debug|x86
		{66F4690B-AACB-4FF8-A541-92CE2B2B95B8}.Debug|ARM.ActiveCfg = Debug|ARM
		{66F4690B-AACB-4FF8-A541-92CE2B2B95B8}.Debug|ARM.Build.0 = Debug|ARM
		{66F4690B-AACB-4FF8-A541-92CE2B2B95B8}.Debug|ARM.Deploy.0 = Debug|ARM
		{66F4690B-AACB-4FF8-A541-92CE2B2B95B8}.Debug|iPhone.ActiveCfg = Debug|x86
		{66F4690B-AACB-4FF8-A541-92CE2B2B95B8}.Debug|iPhone.Build.0 = Debug|x86
		{66F4690B-AACB-4FF8-A541-92CE2B2B95B8}.Debug|iPhone.Deploy.0 = Debug|x86
		{66F4690B-AACB-4FF8-A541-92CE2B2B95B8}.Debug|iPhoneSimulator.ActiveCfg = Debug|x86
		{66F4690B-AACB-4FF8-A541-92CE2B2B95B8}.Debug|iPhoneSimulator.Build.0 = Debug|x86
		{66F4690B-AACB-4FF8-A541-92CE2B2B95B8}.Debug|iPhoneSimulator.Deploy.0 = Debug|x86
		{66F4690B-AACB-4FF8-A541-92CE2B2B95B8}.Debug|x64.ActiveCfg = Debug|x64
		{66F4690B-AACB-4FF8-A541-92CE2B2B95B8}.Debug|x64.Build.0 = Debug|x64
		{66F4690B-AACB-4FF8-A541-92CE2B2B95B8}.Debug|x64.Deploy.0 = Debug|x64
		{66F4690B-AACB-4FF8-A541-92CE2B2B95B8}.Debug|x86.ActiveCfg = Debug|x86
		{66F4690B-AACB-4FF8-A541-92CE2B2B95B8}.Debug|x86.Build.0 = Debug|x86
		{66F4690B-AACB-4FF8-A541-92CE2B2B95B8}.Debug|x86.Deploy.0 = Debug|x86
		{66F4690B-AACB-4FF8-A541-92CE2B2B95B8}.Release|Any CPU.ActiveCfg = Release|x86
		{66F4690B-AACB-4FF8-A541-92CE2B2B95B8}.Release|Any CPU.Build.0 = Release|x86
		{66F4690B-AACB-4FF8-A541-92CE2B2B95B8}.Release|Any CPU.Deploy.0 = Release|x86
		{66F4690B-AACB-4FF8-A541-92CE2B2B95B8}.Release|ARM.ActiveCfg = Release|ARM
		{66F4690B-AACB-4FF8-A541-92CE2B2B95B8}.Release|ARM.Build.0 = Release|ARM
		{66F4690B-AACB-4FF8-A541-92CE2B2B95B8}.Release|ARM.Deploy.0 = Release|ARM
		{66F4690B-AACB-4FF8-A541-92CE2B2B95B8}.Release|iPhone.ActiveCfg = Release|x86
		{66F4690B-AACB-4FF8-A541-92CE2B2B95B8}.Release|iPhone.Build.0 = Release|x86
		{66F4690B-AACB-4FF8-A541-92CE2B2B95B8}.Release|iPhone.Deploy.0 = Release|x86
		{66F4690B-AACB-4FF8-A541-92CE2B2B95B8}.Release|iPhoneSimulator.ActiveCfg = Release|x86
		{66F4690B-AACB-4FF8-A541-92CE2B2B95B8}.Release|iPhoneSimulator.Build.0 = Release|x86
		{66F4690B-AACB-4FF8-A541-92CE2B2B95B8}.Release|iPhoneSimulator.Deploy.0 = Release|x86
		{66F4690B-AACB-4FF8-A541-92CE2B2B95B8}.Release|x64.ActiveCfg = Release|x64
		{66F4690B-AACB-4FF8-A541-92CE2B2B95B8}.Release|x64.Build.0 = Release|x64
		{66F4690B-AACB-4FF8-A541-92CE2B2B95B8}.Release|x64.Deploy.0 = Release|x64
		{66F4690B-AACB-4FF8-A541-92CE2B2B95B8}.Release|x86.ActiveCfg = Release|x86
		{66F4690B-AACB-4FF8-A541-92CE2B2B95B8}.Release|x86.Build.0 = Release|x86
		{66F4690B-AACB-4FF8-A541-92CE2B2B95B8}.Release|x86.Deploy.0 = Release|x86
		{90A6C3DC-B9BE-4512-88FE-395653A02A95}.Ad-Hoc|Any CPU.ActiveCfg = Debug|Any CPU
		{90A6C3DC-B9BE-4512-88FE-395653A02A95}.Ad-Hoc|Any CPU.Build.0 = Debug|Any CPU
		{90A6C3DC-B9BE-4512-88FE-395653A02A95}.Ad-Hoc|Any CPU.Deploy.0 = Debug|Any CPU
		{90A6C3DC-B9BE-4512-88FE-395653A02A95}.Ad-Hoc|ARM.ActiveCfg = Debug|Any CPU
		{90A6C3DC-B9BE-4512-88FE-395653A02A95}.Ad-Hoc|ARM.Build.0 = Debug|Any CPU
		{90A6C3DC-B9BE-4512-88FE-395653A02A95}.Ad-Hoc|ARM.Deploy.0 = Debug|Any CPU
		{90A6C3DC-B9BE-4512-88FE-395653A02A95}.Ad-Hoc|iPhone.ActiveCfg = Debug|Any CPU
		{90A6C3DC-B9BE-4512-88FE-395653A02A95}.Ad-Hoc|iPhone.Build.0 = Debug|Any CPU
		{90A6C3DC-B9BE-4512-88FE-395653A02A95}.Ad-Hoc|iPhone.Deploy.0 = Debug|Any CPU
		{90A6C3DC-B9BE-4512-88FE-395653A02A95}.Ad-Hoc|iPhoneSimulator.ActiveCfg = Debug|Any CPU
		{90A6C3DC-B9BE-4512-88FE-395653A02A95}.Ad-Hoc|iPhoneSimulator.Build.0 = Debug|Any CPU
		{90A6C3DC-B9BE-4512-88FE-395653A02A95}.Ad-Hoc|iPhoneSimulator.Deploy.0 = Debug|Any CPU
		{90A6C3DC-B9BE-4512-88FE-395653A02A95}.Ad-Hoc|x64.ActiveCfg = Debug|Any CPU
		{90A6C3DC-B9BE-4512-88FE-395653A02A95}.Ad-Hoc|x64.Build.0 = Debug|Any CPU
		{90A6C3DC-B9BE-4512-88FE-395653A02A95}.Ad-Hoc|x64.Deploy.0 = Debug|Any CPU
		{90A6C3DC-B9BE-4512-88FE-395653A02A95}.Ad-Hoc|x86.ActiveCfg = Debug|Any CPU
		{90A6C3DC-B9BE-4512-88FE-395653A02A95}.Ad-Hoc|x86.Build.0 = Debug|Any CPU
		{90A6C3DC-B9BE-4512-88FE-395653A02A95}.Ad-Hoc|x86.Deploy.0 = Debug|Any CPU
		{90A6C3DC-B9BE-4512-88FE-395653A02A95}.AppStore|Any CPU.ActiveCfg = Debug|Any CPU
		{90A6C3DC-B9BE-4512-88FE-395653A02A95}.AppStore|Any CPU.Build.0 = Debug|Any CPU
		{90A6C3DC-B9BE-4512-88FE-395653A02A95}.AppStore|Any CPU.Deploy.0 = Debug|Any CPU
		{90A6C3DC-B9BE-4512-88FE-395653A02A95}.AppStore|ARM.ActiveCfg = Debug|Any CPU
		{90A6C3DC-B9BE-4512-88FE-395653A02A95}.AppStore|ARM.Build.0 = Debug|Any CPU
		{90A6C3DC-B9BE-4512-88FE-395653A02A95}.AppStore|ARM.Deploy.0 = Debug|Any CPU
		{90A6C3DC-B9BE-4512-88FE-395653A02A95}.AppStore|iPhone.ActiveCfg = Debug|Any CPU
		{90A6C3DC-B9BE-4512-88FE-395653A02A95}.AppStore|iPhone.Build.0 = Debug|Any CPU
		{90A6C3DC-B9BE-4512-88FE-395653A02A95}.AppStore|iPhone.Deploy.0 = Debug|Any CPU
		{90A6C3DC-B9BE-4512-88FE-395653A02A95}.AppStore|iPhoneSimulator.ActiveCfg = Debug|Any CPU
		{90A6C3DC-B9BE-4512-88FE-395653A02A95}.AppStore|iPhoneSimulator.Build.0 = Debug|Any CPU
		{90A6C3DC-B9BE-4512-88FE-395653A02A95}.AppStore|iPhoneSimulator.Deploy.0 = Debug|Any CPU
		{90A6C3DC-B9BE-4512-88FE-395653A02A95}.AppStore|x64.ActiveCfg = Debug|Any CPU
		{90A6C3DC-B9BE-4512-88FE-395653A02A95}.AppStore|x64.Build.0 = Debug|Any CPU
		{90A6C3DC-B9BE-4512-88FE-395653A02A95}.AppStore|x64.Deploy.0 = Debug|Any CPU
		{90A6C3DC-B9BE-4512-88FE-395653A02A95}.AppStore|x86.ActiveCfg = Debug|Any CPU
		{90A6C3DC-B9BE-4512-88FE-395653A02A95}.AppStore|x86.Build.0 = Debug|Any CPU
		{90A6C3DC-B9BE-4512-88FE-395653A02A95}.AppStore|x86.Deploy.0 = Debug|Any CPU
		{90A6C3DC-B9BE-4512-88FE-395653A02A95}.Debug|Any CPU.ActiveCfg = Debug|Any CPU
		{90A6C3DC-B9BE-4512-88FE-395653A02A95}.Debug|Any CPU.Build.0 = Debug|Any CPU
		{90A6C3DC-B9BE-4512-88FE-395653A02A95}.Debug|Any CPU.Deploy.0 = Debug|Any CPU
		{90A6C3DC-B9BE-4512-88FE-395653A02A95}.Debug|ARM.ActiveCfg = Debug|Any CPU
		{90A6C3DC-B9BE-4512-88FE-395653A02A95}.Debug|ARM.Build.0 = Debug|Any CPU
		{90A6C3DC-B9BE-4512-88FE-395653A02A95}.Debug|ARM.Deploy.0 = Debug|Any CPU
		{90A6C3DC-B9BE-4512-88FE-395653A02A95}.Debug|iPhone.ActiveCfg = Debug|Any CPU
		{90A6C3DC-B9BE-4512-88FE-395653A02A95}.Debug|iPhone.Build.0 = Debug|Any CPU
		{90A6C3DC-B9BE-4512-88FE-395653A02A95}.Debug|iPhone.Deploy.0 = Debug|Any CPU
		{90A6C3DC-B9BE-4512-88FE-395653A02A95}.Debug|iPhoneSimulator.ActiveCfg = Debug|Any CPU
		{90A6C3DC-B9BE-4512-88FE-395653A02A95}.Debug|iPhoneSimulator.Build.0 = Debug|Any CPU
		{90A6C3DC-B9BE-4512-88FE-395653A02A95}.Debug|iPhoneSimulator.Deploy.0 = Debug|Any CPU
		{90A6C3DC-B9BE-4512-88FE-395653A02A95}.Debug|x64.ActiveCfg = Debug|Any CPU
		{90A6C3DC-B9BE-4512-88FE-395653A02A95}.Debug|x64.Build.0 = Debug|Any CPU
		{90A6C3DC-B9BE-4512-88FE-395653A02A95}.Debug|x64.Deploy.0 = Debug|Any CPU
		{90A6C3DC-B9BE-4512-88FE-395653A02A95}.Debug|x86.ActiveCfg = Debug|Any CPU
		{90A6C3DC-B9BE-4512-88FE-395653A02A95}.Debug|x86.Build.0 = Debug|Any CPU
		{90A6C3DC-B9BE-4512-88FE-395653A02A95}.Debug|x86.Deploy.0 = Debug|Any CPU
		{90A6C3DC-B9BE-4512-88FE-395653A02A95}.Release|Any CPU.ActiveCfg = Release|Any CPU
		{90A6C3DC-B9BE-4512-88FE-395653A02A95}.Release|Any CPU.Build.0 = Release|Any CPU
		{90A6C3DC-B9BE-4512-88FE-395653A02A95}.Release|Any CPU.Deploy.0 = Release|Any CPU
		{90A6C3DC-B9BE-4512-88FE-395653A02A95}.Release|ARM.ActiveCfg = Release|Any CPU
		{90A6C3DC-B9BE-4512-88FE-395653A02A95}.Release|ARM.Build.0 = Release|Any CPU
		{90A6C3DC-B9BE-4512-88FE-395653A02A95}.Release|ARM.Deploy.0 = Release|Any CPU
		{90A6C3DC-B9BE-4512-88FE-395653A02A95}.Release|iPhone.ActiveCfg = Release|Any CPU
		{90A6C3DC-B9BE-4512-88FE-395653A02A95}.Release|iPhone.Build.0 = Release|Any CPU
		{90A6C3DC-B9BE-4512-88FE-395653A02A95}.Release|iPhone.Deploy.0 = Release|Any CPU
		{90A6C3DC-B9BE-4512-88FE-395653A02A95}.Release|iPhoneSimulator.ActiveCfg = Release|Any CPU
		{90A6C3DC-B9BE-4512-88FE-395653A02A95}.Release|iPhoneSimulator.Build.0 = Release|Any CPU
		{90A6C3DC-B9BE-4512-88FE-395653A02A95}.Release|iPhoneSimulator.Deploy.0 = Release|Any CPU
		{90A6C3DC-B9BE-4512-88FE-395653A02A95}.Release|x64.ActiveCfg = Release|Any CPU
		{90A6C3DC-B9BE-4512-88FE-395653A02A95}.Release|x64.Build.0 = Release|Any CPU
		{90A6C3DC-B9BE-4512-88FE-395653A02A95}.Release|x64.Deploy.0 = Release|Any CPU
		{90A6C3DC-B9BE-4512-88FE-395653A02A95}.Release|x86.ActiveCfg = Release|Any CPU
		{90A6C3DC-B9BE-4512-88FE-395653A02A95}.Release|x86.Build.0 = Release|Any CPU
		{90A6C3DC-B9BE-4512-88FE-395653A02A95}.Release|x86.Deploy.0 = Release|Any CPU
	EndGlobalSection
	GlobalSection(SolutionProperties) = preSolution
		HideSolutionNode = FALSE
	EndGlobalSection
	GlobalSection(ExtensibilityGlobals) = postSolution
		SolutionGuid = {E48F8D82-5AD8-404C-B69B-F58724297585}
	EndGlobalSection
EndGlobal
